
Microsoft Visual Studio Solution File, Format Version 12.00
# Visual Studio Version 17
VisualStudioVersion = 17.5.33530.505
MinimumVisualStudioVersion = 10.0.40219.1
Project("{FAE04EC0-301F-11D3-BF4B-00C04F79EFBC}") = "MovieRentalApp", "MovieRentalApp\MovieRentalApp.csproj", "{38F0559F-E721-47F6-A031-222D238FD0AD}"
EndProject
Global
	GlobalSection(SolutionConfigurationPlatforms) = preSolution
		Debug|Any CPU = Debug|Any CPU
		Release|Any CPU = Release|Any CPU
	EndGlobalSection
	GlobalSection(ProjectConfigurationPlatforms) = postSolution
		{38F0559F-E721-47F6-A031-222D238FD0AD}.Debug|Any CPU.ActiveCfg = Debug|Any CPU
		{38F0559F-E721-47F6-A031-222D238FD0AD}.Debug|Any CPU.Build.0 = Debug|Any CPU
		{38F0559F-E721-47F6-A031-222D238FD0AD}.Release|Any CPU.ActiveCfg = Release|Any CPU
		{38F0559F-E721-47F6-A031-222D238FD0AD}.Release|Any CPU.Build.0 = Release|Any CPU
	EndGlobalSection
	GlobalSection(SolutionProperties) = preSolution
		HideSolutionNode = FALSE
	EndGlobalSection
	GlobalSection(ExtensibilityGlobals) = postSolution
		SolutionGuid = {51C4330E-392C-419A-AD0F-5B1866B5A87C}
	EndGlobalSection
EndGlobal
